
Microsoft Visual Studio Solution File, Format Version 12.00
# Visual Studio Version 16
VisualStudioVersion = 16.0.31410.357
MinimumVisualStudioVersion = 10.0.40219.1
Project("{FAE04EC0-301F-11D3-BF4B-00C04F79EFBC}") = "ProyectoPotencias", "ProyectoPotencias.csproj", "{EEC3569F-7DA0-4BE5-BB7A-E8B09156894D}"
EndProject
Global
	GlobalSection(SolutionConfigurationPlatforms) = preSolution
		Debug|Any CPU = Debug|Any CPU
		Release|Any CPU = Release|Any CPU
	EndGlobalSection
	GlobalSection(ProjectConfigurationPlatforms) = postSolution
		{EEC3569F-7DA0-4BE5-BB7A-E8B09156894D}.Debug|Any CPU.ActiveCfg = Debug|Any CPU
		{EEC3569F-7DA0-4BE5-BB7A-E8B09156894D}.Debug|Any CPU.Build.0 = Debug|Any CPU
		{EEC3569F-7DA0-4BE5-BB7A-E8B09156894D}.Release|Any CPU.ActiveCfg = Release|Any CPU
		{EEC3569F-7DA0-4BE5-BB7A-E8B09156894D}.Release|Any CPU.Build.0 = Release|Any CPU
	EndGlobalSection
	GlobalSection(SolutionProperties) = preSolution
		HideSolutionNode = FALSE
	EndGlobalSection
	GlobalSection(ExtensibilityGlobals) = postSolution
		SolutionGuid = {9A6DDA9B-2A83-4881-B0C8-DEEF25BBBC0A}
	EndGlobalSection
EndGlobal
